
Microsoft Visual Studio Solution File, Format Version 12.00
# Visual Studio Version 17
VisualStudioVersion = 17.0.31903.59
MinimumVisualStudioVersion = 10.0.40219.1
Project("{9A19103F-16F7-4668-BE54-9A1E7A4F7556}") = "api.shared", "api.shared\api.shared.csproj", "{8DE1C9D3-AF58-4911-AD99-2F9759221174}"
EndProject
Project("{9A19103F-16F7-4668-BE54-9A1E7A4F7556}") = "api.entities", "api.entities\api.entities.csproj", "{A0D323A2-943F-463D-B479-693F8F6AB0DB}"
EndProject
Project("{9A19103F-16F7-4668-BE54-9A1E7A4F7556}") = "api.repository", "api.repository\api.repository.csproj", "{B91CE677-8D8B-423A-AE34-F44E36712C2D}"
EndProject
Project("{9A19103F-16F7-4668-BE54-9A1E7A4F7556}") = "api.service", "api.service\api.service.csproj", "{95E63C58-33D8-4FD0-BA6E-863669C60600}"
EndProject
Project("{9A19103F-16F7-4668-BE54-9A1E7A4F7556}") = "api.web.host.presentation", "api.web.host.presentation\api.web.host.presentation.csproj", "{42775BA1-FEF7-4D94-A88F-46E6376B652D}"
EndProject
Project("{9A19103F-16F7-4668-BE54-9A1E7A4F7556}") = "Web.Host", "Web.Host\Web.Host.csproj", "{BD9B414A-D3FC-463B-B5D6-5E66CA998E57}"
EndProject
Project("{9A19103F-16F7-4668-BE54-9A1E7A4F7556}") = "api.migrator", "api.migrator\api.migrator.csproj", "{5898C27A-CF2D-4588-A99A-21C76B2A2559}"
EndProject
Project("{FAE04EC0-301F-11D3-BF4B-00C04F79EFBC}") = "api.service.abstractions", "api.service.abstractions\api.service.abstractions.csproj", "{01E80383-AA3D-434B-B289-7321A52ED25A}"
EndProject
Global
	GlobalSection(SolutionConfigurationPlatforms) = preSolution
		Debug|Any CPU = Debug|Any CPU
		Release|Any CPU = Release|Any CPU
	EndGlobalSection
	GlobalSection(ProjectConfigurationPlatforms) = postSolution
		{8DE1C9D3-AF58-4911-AD99-2F9759221174}.Debug|Any CPU.ActiveCfg = Debug|Any CPU
		{8DE1C9D3-AF58-4911-AD99-2F9759221174}.Debug|Any CPU.Build.0 = Debug|Any CPU
		{8DE1C9D3-AF58-4911-AD99-2F9759221174}.Release|Any CPU.ActiveCfg = Release|Any CPU
		{8DE1C9D3-AF58-4911-AD99-2F9759221174}.Release|Any CPU.Build.0 = Release|Any CPU
		{A0D323A2-943F-463D-B479-693F8F6AB0DB}.Debug|Any CPU.ActiveCfg = Debug|Any CPU
		{A0D323A2-943F-463D-B479-693F8F6AB0DB}.Debug|Any CPU.Build.0 = Debug|Any CPU
		{A0D323A2-943F-463D-B479-693F8F6AB0DB}.Release|Any CPU.ActiveCfg = Release|Any CPU
		{A0D323A2-943F-463D-B479-693F8F6AB0DB}.Release|Any CPU.Build.0 = Release|Any CPU
		{B91CE677-8D8B-423A-AE34-F44E36712C2D}.Debug|Any CPU.ActiveCfg = Debug|Any CPU
		{B91CE677-8D8B-423A-AE34-F44E36712C2D}.Debug|Any CPU.Build.0 = Debug|Any CPU
		{B91CE677-8D8B-423A-AE34-F44E36712C2D}.Release|Any CPU.ActiveCfg = Release|Any CPU
		{B91CE677-8D8B-423A-AE34-F44E36712C2D}.Release|Any CPU.Build.0 = Release|Any CPU
		{95E63C58-33D8-4FD0-BA6E-863669C60600}.Debug|Any CPU.ActiveCfg = Debug|Any CPU
		{95E63C58-33D8-4FD0-BA6E-863669C60600}.Debug|Any CPU.Build.0 = Debug|Any CPU
		{95E63C58-33D8-4FD0-BA6E-863669C60600}.Release|Any CPU.ActiveCfg = Release|Any CPU
		{95E63C58-33D8-4FD0-BA6E-863669C60600}.Release|Any CPU.Build.0 = Release|Any CPU
		{42775BA1-FEF7-4D94-A88F-46E6376B652D}.Debug|Any CPU.ActiveCfg = Debug|Any CPU
		{42775BA1-FEF7-4D94-A88F-46E6376B652D}.Debug|Any CPU.Build.0 = Debug|Any CPU
		{42775BA1-FEF7-4D94-A88F-46E6376B652D}.Release|Any CPU.ActiveCfg = Release|Any CPU
		{42775BA1-FEF7-4D94-A88F-46E6376B652D}.Release|Any CPU.Build.0 = Release|Any CPU
		{BD9B414A-D3FC-463B-B5D6-5E66CA998E57}.Debug|Any CPU.ActiveCfg = Debug|Any CPU
		{BD9B414A-D3FC-463B-B5D6-5E66CA998E57}.Debug|Any CPU.Build.0 = Debug|Any CPU
		{BD9B414A-D3FC-463B-B5D6-5E66CA998E57}.Release|Any CPU.ActiveCfg = Release|Any CPU
		{BD9B414A-D3FC-463B-B5D6-5E66CA998E57}.Release|Any CPU.Build.0 = Release|Any CPU
		{5898C27A-CF2D-4588-A99A-21C76B2A2559}.Debug|Any CPU.ActiveCfg = Debug|Any CPU
		{5898C27A-CF2D-4588-A99A-21C76B2A2559}.Debug|Any CPU.Build.0 = Debug|Any CPU
		{5898C27A-CF2D-4588-A99A-21C76B2A2559}.Release|Any CPU.ActiveCfg = Release|Any CPU
		{5898C27A-CF2D-4588-A99A-21C76B2A2559}.Release|Any CPU.Build.0 = Release|Any CPU
		{01E80383-AA3D-434B-B289-7321A52ED25A}.Debug|Any CPU.ActiveCfg = Debug|Any CPU
		{01E80383-AA3D-434B-B289-7321A52ED25A}.Debug|Any CPU.Build.0 = Debug|Any CPU
		{01E80383-AA3D-434B-B289-7321A52ED25A}.Release|Any CPU.ActiveCfg = Release|Any CPU
		{01E80383-AA3D-434B-B289-7321A52ED25A}.Release|Any CPU.Build.0 = Release|Any CPU
	EndGlobalSection
	GlobalSection(SolutionProperties) = preSolution
		HideSolutionNode = FALSE
	EndGlobalSection
	GlobalSection(ExtensibilityGlobals) = postSolution
		SolutionGuid = {5F2921A2-0894-4BEB-8481-EB8718FEE35D}
	EndGlobalSection
EndGlobal
